{
  "name": "escape-gamejam-worker",
  "version": "1.0.0",
  "lockfileVersion": 3,
  "requires": true,
  "packages": {
    "": {
      "name": "escape-gamejam-worker",
      "version": "1.0.0",
      "dependencies": {
        "openai": "^5.7.0",
        "undici": "^6.11.0"
      },
      "devDependencies": {
        "@cloudflare/workers-types": "^4.20240404.0",
        "typescript": "^5.4.0"
      }
    },
    "node_modules/@cloudflare/workers-types": {
      "version": "4.20250620.0",
      "dev": true,
      "license": "MIT OR Apache-2.0"
    },
    "node_modules/openai": {
      "version": "5.7.0",
      "license": "Apache-2.0",
      "bin": {
        "openai": "bin/cli"
      },
      "peerDependencies": {
        "ws": "^8.18.0",
        "zod": "^3.23.8"
      },
      "peerDependenciesMeta": {
        "ws": {
          "optional": true
        },
        "zod": {
          "optional": true
        }
      }
    },
    "node_modules/typescript": {
      "version": "5.8.3",
      "dev": true,
      "license": "Apache-2.0",
      "bin": {
        "tsc": "bin/tsc",
        "tsserver": "bin/tsserver"
      },
      "engines": {
        "node": ">=14.17"
      }
    },
    "node_modules/undici": {
      "version": "6.21.3",
      "license": "MIT",
      "engines": {
        "node": ">=18.17"
      }
    }
  }
}
